
Microsoft Visual Studio Solution File, Format Version 12.00
# Visual Studio Version 16
VisualStudioVersion = 16.0.30204.135
MinimumVisualStudioVersion = 10.0.40219.1
Project("{FAE04EC0-301F-11D3-BF4B-00C04F79EFBC}") = "FAQUIApp", "FAQUIApp\FAQUIApp.csproj", "{750FAC8E-BA98-41BC-AF44-2220EEF80A0C}"
EndProject
Global
	GlobalSection(SolutionConfigurationPlatforms) = preSolution
		Debug|Any CPU = Debug|Any CPU
		Release|Any CPU = Release|Any CPU
	EndGlobalSection
	GlobalSection(ProjectConfigurationPlatforms) = postSolution
		{750FAC8E-BA98-41BC-AF44-2220EEF80A0C}.Debug|Any CPU.ActiveCfg = Debug|Any CPU
		{750FAC8E-BA98-41BC-AF44-2220EEF80A0C}.Debug|Any CPU.Build.0 = Debug|Any CPU
		{750FAC8E-BA98-41BC-AF44-2220EEF80A0C}.Release|Any CPU.ActiveCfg = Release|Any CPU
		{750FAC8E-BA98-41BC-AF44-2220EEF80A0C}.Release|Any CPU.Build.0 = Release|Any CPU
	EndGlobalSection
	GlobalSection(SolutionProperties) = preSolution
		HideSolutionNode = FALSE
	EndGlobalSection
	GlobalSection(ExtensibilityGlobals) = postSolution
		SolutionGuid = {634F3BDB-EED0-4A55-BA2F-4A5DEE2E3165}
	EndGlobalSection
EndGlobal
